<Solution>
  <Folder Name="/src/">
    <Project Path="src/TapQueue.Admin/TapQueue.Admin.csproj" />
    <Project Path="src/TapQueue.Client.Linux/TapQueue.Client.Linux.csproj" />
    <Project Path="src/TapQueue.Client.Windows/TapQueue.Client.Windows.csproj" />
    <Project Path="src/TapQueue.Client/TapQueue.Client.csproj" />
    <Project Path="src/TapQueue.Server/TapQueue.Server.csproj" />
    <Project Path="src/TapQueue.Shared/TapQueue.Shared.csproj" />
    <Project Path="src/TapQueue.Station/TapQueue.Station.csproj" />
  </Folder>
  <Folder Name="/tests/">
    <Project Path="tests/TapQueue.Client.Tests/TapQueue.Client.Tests.csproj" />
    <Project Path="tests/TapQueue.Server.Tests/TapQueue.Server.Tests.csproj" />
    <Project Path="tests/TapQueue.Station.Tests/TapQueue.Station.Tests.csproj" />
  </Folder>
</Solution>
