<Solution>
  <Folder Name="/src/">
    <Project Path="src/TapQueue.Admin/TapQueue.Admin.csproj" />
    <Project Path="src/TapQueue.Client.Windows/TapQueue.Client.Windows.csproj" />
    <Project Path="src/TapQueue.Server/TapQueue.Server.csproj" />
    <Project Path="src/TapQueue.Shared/TapQueue.Shared.csproj" />
  </Folder>
  <Folder Name="/tests/">
    <Project Path="tests/TapQueue.Server.Tests/TapQueue.Server.Tests.csproj" />
  </Folder>
</Solution>
